
Microsoft Visual Studio Solution File, Format Version 12.00
# Visual Studio Version 16
VisualStudioVersion = 16.0.29519.87
MinimumVisualStudioVersion = 10.0.40219.1
Project("{FAE04EC0-301F-11D3-BF4B-00C04F79EFBC}") = "WindowsFormsApp2", "WindowsFormsApp2.csproj", "{ECB21921-6DFD-41F3-BC49-50AA88F0FD0C}"
EndProject
Global
	GlobalSection(SolutionConfigurationPlatforms) = preSolution
		Debug|Any CPU = Debug|Any CPU
		Release|Any CPU = Release|Any CPU
	EndGlobalSection
	GlobalSection(ProjectConfigurationPlatforms) = postSolution
		{ECB21921-6DFD-41F3-BC49-50AA88F0FD0C}.Debug|Any CPU.ActiveCfg = Debug|Any CPU
		{ECB21921-6DFD-41F3-BC49-50AA88F0FD0C}.Debug|Any CPU.Build.0 = Debug|Any CPU
		{ECB21921-6DFD-41F3-BC49-50AA88F0FD0C}.Release|Any CPU.ActiveCfg = Release|Any CPU
		{ECB21921-6DFD-41F3-BC49-50AA88F0FD0C}.Release|Any CPU.Build.0 = Release|Any CPU
	EndGlobalSection
	GlobalSection(SolutionProperties) = preSolution
		HideSolutionNode = FALSE
	EndGlobalSection
	GlobalSection(ExtensibilityGlobals) = postSolution
		SolutionGuid = {FCB4CAAD-81B6-4D61-8C10-5F6B234A3AC4}
	EndGlobalSection
EndGlobal
